# THIS IS AN AUTOGENERATED FILE. DO NOT EDIT THIS FILE DIRECTLY.
# yarn lockfile v1


"@ampproject/remapping@^2.1.0":
  version "2.2.0"
  resolved "https://registry.yarnpkg.com/@ampproject/remapping/-/remapping-2.2.0.tgz#56c133824780de3174aed5ab6834f3026790154d"
  integrity sha512-qRmjj8nj9qmLTQXXmaR1cck3UXSRMPrbsLJAasZpF+t3riI71BXed5ebIOYwQntykeZuhjsdweEc9BxH5Jc26w==
  dependencies:
    "@jridgewell/gen-mapping" "^0.1.0"
    "@jridgewell/trace-mapping" "^0.3.9"

"@babel/code-frame@^7.16.7":
  version "7.16.7"
  resolved "https://registry.yarnpkg.com/@babel/code-frame/-/code-frame-7.16.7.tgz#44416b6bd7624b998f5b1af5d470856c40138789"
  integrity sha512-iAXqUn8IIeBTNd72xsFlgaXHkMBMt6y4HJp1tIaK465CWLT/fG1aqB7ykr95gHHmlBdGbFeWWfyB4NJJ0nmeIg==
  dependencies:
    "@babel/highlight" "^7.16.7"

"@babel/compat-data@^7.17.10":
  version "7.17.10"
  resolved "https://registry.yarnpkg.com/@babel/compat-data/-/compat-data-7.17.10.tgz#711dc726a492dfc8be8220028b1b92482362baab"
  integrity sha512-GZt/TCsG70Ms19gfZO1tM4CVnXsPgEPBCpJu+Qz3L0LUDsY5nZqFZglIoPC1kIYOtNBZlrnFT+klg12vFGZXrw==

"@babel/core@^7.18.2":
  version "7.18.2"
  resolved "https://registry.yarnpkg.com/@babel/core/-/core-7.18.2.tgz#87b2fcd7cce9becaa7f5acebdc4f09f3dd19d876"
  integrity sha512-A8pri1YJiC5UnkdrWcmfZTJTV85b4UXTAfImGmCfYmax4TR9Cw8sDS0MOk++Gp2mE/BefVJ5nwy5yzqNJbP/DQ==
  dependencies:
    "@ampproject/remapping" "^2.1.0"
    "@babel/code-frame" "^7.16.7"
    "@babel/generator" "^7.18.2"
    "@babel/helper-compilation-targets" "^7.18.2"
    "@babel/helper-module-transforms" "^7.18.0"
    "@babel/helpers" "^7.18.2"
    "@babel/parser" "^7.18.0"
    "@babel/template" "^7.16.7"
    "@babel/traverse" "^7.18.2"
    "@babel/types" "^7.18.2"
    convert-source-map "^1.7.0"
    debug "^4.1.0"
    gensync "^1.0.0-beta.2"
    json5 "^2.2.1"
    semver "^6.3.0"

"@babel/generator@^7.18.2":
  version "7.18.2"
  resolved "https://registry.yarnpkg.com/@babel/generator/-/generator-7.18.2.tgz#33873d6f89b21efe2da63fe554460f3df1c5880d"
  integrity sha512-W1lG5vUwFvfMd8HVXqdfbuG7RuaSrTCCD8cl8fP8wOivdbtbIg2Db3IWUcgvfxKbbn6ZBGYRW/Zk1MIwK49mgw==
  dependencies:
    "@babel/types" "^7.18.2"
    "@jridgewell/gen-mapping" "^0.3.0"
    jsesc "^2.5.1"

"@babel/helper-annotate-as-pure@^7.16.7":
  version "7.16.7"
  resolved "https://registry.yarnpkg.com/@babel/helper-annotate-as-pure/-/helper-annotate-as-pure-7.16.7.tgz#bb2339a7534a9c128e3102024c60760a3a7f3862"
  integrity sha512-s6t2w/IPQVTAET1HitoowRGXooX8mCgtuP5195wD/QJPV6wYjpujCGF7JuMODVX2ZAJOf1GT6DT9MHEZvLOFSw==
  dependencies:
    "@babel/types" "^7.16.7"

"@babel/helper-compilation-targets@^7.18.2":
  version "7.18.2"
  resolved "https://registry.yarnpkg.com/@babel/helper-compilation-targets/-/helper-compilation-targets-7.18.2.tgz#67a85a10cbd5fc7f1457fec2e7f45441dc6c754b"
  integrity sha512-s1jnPotJS9uQnzFtiZVBUxe67CuBa679oWFHpxYYnTpRL/1ffhyX44R9uYiXoa/pLXcY9H2moJta0iaanlk/rQ==
  dependencies:
    "@babel/compat-data" "^7.17.10"
    "@babel/helper-validator-option" "^7.16.7"
    browserslist "^4.20.2"
    semver "^6.3.0"

"@babel/helper-create-class-features-plugin@^7.18.0":
  version "7.18.0"
  resolved "https://registry.yarnpkg.com/@babel/helper-create-class-features-plugin/-/helper-create-class-features-plugin-7.18.0.tgz#fac430912606331cb075ea8d82f9a4c145a4da19"
  integrity sha512-Kh8zTGR9de3J63e5nS0rQUdRs/kbtwoeQQ0sriS0lItjC96u8XXZN6lKpuyWd2coKSU13py/y+LTmThLuVX0Pg==
  dependencies:
    "@babel/helper-annotate-as-pure" "^7.16.7"
    "@babel/helper-environment-visitor" "^7.16.7"
    "@babel/helper-function-name" "^7.17.9"
    "@babel/helper-member-expression-to-functions" "^7.17.7"
    "@babel/helper-optimise-call-expression" "^7.16.7"
    "@babel/helper-replace-supers" "^7.16.7"
    "@babel/helper-split-export-declaration" "^7.16.7"

"@babel/helper-environment-visitor@^7.16.7", "@babel/helper-environment-visitor@^7.18.2":
  version "7.18.2"
  resolved "https://registry.yarnpkg.com/@babel/helper-environment-visitor/-/helper-environment-visitor-7.18.2.tgz#8a6d2dedb53f6bf248e31b4baf38739ee4a637bd"
  integrity sha512-14GQKWkX9oJzPiQQ7/J36FTXcD4kSp8egKjO9nINlSKiHITRA9q/R74qu8S9xlc/b/yjsJItQUeeh3xnGN0voQ==

"@babel/helper-function-name@^7.17.9":
  version "7.17.9"
  resolved "https://registry.yarnpkg.com/@babel/helper-function-name/-/helper-function-name-7.17.9.tgz#136fcd54bc1da82fcb47565cf16fd8e444b1ff12"
  integrity sha512-7cRisGlVtiVqZ0MW0/yFB4atgpGLWEHUVYnb448hZK4x+vih0YO5UoS11XIYtZYqHd0dIPMdUSv8q5K4LdMnIg==
  dependencies:
    "@babel/template" "^7.16.7"
    "@babel/types" "^7.17.0"

"@babel/helper-hoist-variables@^7.16.7":
  version "7.16.7"
  resolved "https://registry.yarnpkg.com/@babel/helper-hoist-variables/-/helper-hoist-variables-7.16.7.tgz#86bcb19a77a509c7b77d0e22323ef588fa58c246"
  integrity sha512-m04d/0Op34H5v7pbZw6pSKP7weA6lsMvfiIAMeIvkY/R4xQtBSMFEigu9QTZ2qB/9l22vsxtM8a+Q8CzD255fg==
  dependencies:
    "@babel/types" "^7.16.7"

"@babel/helper-member-expression-to-functions@^7.17.7":
  version "7.17.7"
  resolved "https://registry.yarnpkg.com/@babel/helper-member-expression-to-functions/-/helper-member-expression-to-functions-7.17.7.tgz#a34013b57d8542a8c4ff8ba3f747c02452a4d8c4"
  integrity sha512-thxXgnQ8qQ11W2wVUObIqDL4p148VMxkt5T/qpN5k2fboRyzFGFmKsTGViquyM5QHKUy48OZoca8kw4ajaDPyw==
  dependencies:
    "@babel/types" "^7.17.0"

"@babel/helper-module-imports@^7.16.7":
  version "7.16.7"
  resolved "https://registry.yarnpkg.com/@babel/helper-module-imports/-/helper-module-imports-7.16.7.tgz#25612a8091a999704461c8a222d0efec5d091437"
  integrity sha512-LVtS6TqjJHFc+nYeITRo6VLXve70xmq7wPhWTqDJusJEgGmkAACWwMiTNrvfoQo6hEhFwAIixNkvB0jPXDL8Wg==
  dependencies:
    "@babel/types" "^7.16.7"

"@babel/helper-module-transforms@^7.18.0":
  version "7.18.0"
  resolved "https://registry.yarnpkg.com/@babel/helper-module-transforms/-/helper-module-transforms-7.18.0.tgz#baf05dec7a5875fb9235bd34ca18bad4e21221cd"
  integrity sha512-kclUYSUBIjlvnzN2++K9f2qzYKFgjmnmjwL4zlmU5f8ZtzgWe8s0rUPSTGy2HmK4P8T52MQsS+HTQAgZd3dMEA==
  dependencies:
    "@babel/helper-environment-visitor" "^7.16.7"
    "@babel/helper-module-imports" "^7.16.7"
    "@babel/helper-simple-access" "^7.17.7"
    "@babel/helper-split-export-declaration" "^7.16.7"
    "@babel/helper-validator-identifier" "^7.16.7"
    "@babel/template" "^7.16.7"
    "@babel/traverse" "^7.18.0"
    "@babel/types" "^7.18.0"

"@babel/helper-optimise-call-expression@^7.16.7":
  version "7.16.7"
  resolved "https://registry.yarnpkg.com/@babel/helper-optimise-call-expression/-/helper-optimise-call-expression-7.16.7.tgz#a34e3560605abbd31a18546bd2aad3e6d9a174f2"
  integrity sha512-EtgBhg7rd/JcnpZFXpBy0ze1YRfdm7BnBX4uKMBd3ixa3RGAE002JZB66FJyNH7g0F38U05pXmA5P8cBh7z+1w==
  dependencies:
    "@babel/types" "^7.16.7"

"@babel/helper-plugin-utils@^7.17.12":
  version "7.17.12"
  resolved "https://registry.yarnpkg.com/@babel/helper-plugin-utils/-/helper-plugin-utils-7.17.12.tgz#86c2347da5acbf5583ba0a10aed4c9bf9da9cf96"
  integrity sha512-JDkf04mqtN3y4iAbO1hv9U2ARpPyPL1zqyWs/2WG1pgSq9llHFjStX5jdxb84himgJm+8Ng+x0oiWF/nw/XQKA==

"@babel/helper-replace-supers@^7.16.7":
  version "7.18.2"
  resolved "https://registry.yarnpkg.com/@babel/helper-replace-supers/-/helper-replace-supers-7.18.2.tgz#41fdfcc9abaf900e18ba6e5931816d9062a7b2e0"
  integrity sha512-XzAIyxx+vFnrOxiQrToSUOzUOn0e1J2Li40ntddek1Y69AXUTXoDJ40/D5RdjFu7s7qHiaeoTiempZcbuVXh2Q==
  dependencies:
    "@babel/helper-environment-visitor" "^7.18.2"
    "@babel/helper-member-expression-to-functions" "^7.17.7"
    "@babel/helper-optimise-call-expression" "^7.16.7"
    "@babel/traverse" "^7.18.2"
    "@babel/types" "^7.18.2"

"@babel/helper-simple-access@^7.17.7":
  version "7.18.2"
  resolved "https://registry.yarnpkg.com/@babel/helper-simple-access/-/helper-simple-access-7.18.2.tgz#4dc473c2169ac3a1c9f4a51cfcd091d1c36fcff9"
  integrity sha512-7LIrjYzndorDY88MycupkpQLKS1AFfsVRm2k/9PtKScSy5tZq0McZTj+DiMRynboZfIqOKvo03pmhTaUgiD6fQ==
  dependencies:
    "@babel/types" "^7.18.2"

"@babel/helper-split-export-declaration@^7.16.7":
  version "7.16.7"
  resolved "https://registry.yarnpkg.com/@babel/helper-split-export-declaration/-/helper-split-export-declaration-7.16.7.tgz#0b648c0c42da9d3920d85ad585f2778620b8726b"
  integrity sha512-xbWoy/PFoxSWazIToT9Sif+jJTlrMcndIsaOKvTA6u7QEo7ilkRZpjew18/W3c7nm8fXdUDXh02VXTbZ0pGDNw==
  dependencies:
    "@babel/types" "^7.16.7"

"@babel/helper-validator-identifier@^7.16.7":
  version "7.16.7"
  resolved "https://registry.yarnpkg.com/@babel/helper-validator-identifier/-/helper-validator-identifier-7.16.7.tgz#e8c602438c4a8195751243da9031d1607d247cad"
  integrity sha512-hsEnFemeiW4D08A5gUAZxLBTXpZ39P+a+DGDsHw1yxqyQ/jzFEnxf5uTEGp+3bzAbNOxU1paTgYS4ECU/IgfDw==

"@babel/helper-validator-option@^7.16.7":
  version "7.16.7"
  resolved "https://registry.yarnpkg.com/@babel/helper-validator-option/-/helper-validator-option-7.16.7.tgz#b203ce62ce5fe153899b617c08957de860de4d23"
  integrity sha512-TRtenOuRUVo9oIQGPC5G9DgK4743cdxvtOw0weQNpZXaS16SCBi5MNjZF8vba3ETURjZpTbVn7Vvcf2eAwFozQ==

"@babel/helpers@^7.18.2":
  version "7.18.2"
  resolved "https://registry.yarnpkg.com/@babel/helpers/-/helpers-7.18.2.tgz#970d74f0deadc3f5a938bfa250738eb4ac889384"
  integrity sha512-j+d+u5xT5utcQSzrh9p+PaJX94h++KN+ng9b9WEJq7pkUPAd61FGqhjuUEdfknb3E/uDBb7ruwEeKkIxNJPIrg==
  dependencies:
    "@babel/template" "^7.16.7"
    "@babel/traverse" "^7.18.2"
    "@babel/types" "^7.18.2"

"@babel/highlight@^7.16.7":
  version "7.17.12"
  resolved "https://registry.yarnpkg.com/@babel/highlight/-/highlight-7.17.12.tgz#257de56ee5afbd20451ac0a75686b6b404257351"
  integrity sha512-7yykMVF3hfZY2jsHZEEgLc+3x4o1O+fYyULu11GynEUQNwB6lua+IIQn1FiJxNucd5UlyJryrwsOh8PL9Sn8Qg==
  dependencies:
    "@babel/helper-validator-identifier" "^7.16.7"
    chalk "^2.0.0"
    js-tokens "^4.0.0"

"@babel/parser@^7.1.0", "@babel/parser@^7.16.7", "@babel/parser@^7.18.0":
  version "7.18.3"
  resolved "https://registry.yarnpkg.com/@babel/parser/-/parser-7.18.3.tgz#39e99c7b0c4c56cef4d1eed8de9f506411c2ebc2"
  integrity sha512-rL50YcEuHbbauAFAysNsJA4/f89fGTOBRNs9P81sniKnKAr4xULe5AecolcsKbi88xu0ByWYDj/S1AJ3FSFuSQ==

"@babel/plugin-syntax-typescript@^7.17.12":
  version "7.17.12"
  resolved "https://registry.yarnpkg.com/@babel/plugin-syntax-typescript/-/plugin-syntax-typescript-7.17.12.tgz#b54fc3be6de734a56b87508f99d6428b5b605a7b"
  integrity sha512-TYY0SXFiO31YXtNg3HtFwNJHjLsAyIIhAhNWkQ5whPPS7HWUFlg9z0Ta4qAQNjQbP1wsSt/oKkmZ/4/WWdMUpw==
  dependencies:
    "@babel/helper-plugin-utils" "^7.17.12"

"@babel/plugin-transform-typescript@^7.17.12":
  version "7.18.4"
  resolved "https://registry.yarnpkg.com/@babel/plugin-transform-typescript/-/plugin-transform-typescript-7.18.4.tgz#587eaf6a39edb8c06215e550dc939faeadd750bf"
  integrity sha512-l4vHuSLUajptpHNEOUDEGsnpl9pfRLsN1XUoDQDD/YBuXTM+v37SHGS+c6n4jdcZy96QtuUuSvZYMLSSsjH8Mw==
  dependencies:
    "@babel/helper-create-class-features-plugin" "^7.18.0"
    "@babel/helper-plugin-utils" "^7.17.12"
    "@babel/plugin-syntax-typescript" "^7.17.12"

"@babel/preset-typescript@^7.17.12":
  version "7.17.12"
  resolved "https://registry.yarnpkg.com/@babel/preset-typescript/-/preset-typescript-7.17.12.tgz#40269e0a0084d56fc5731b6c40febe1c9a4a3e8c"
  integrity sha512-S1ViF8W2QwAKUGJXxP9NAfNaqGDdEBJKpYkxHf5Yy2C4NPPzXGeR3Lhk7G8xJaaLcFTRfNjVbtbVtm8Gb0mqvg==
  dependencies:
    "@babel/helper-plugin-utils" "^7.17.12"
    "@babel/helper-validator-option" "^7.16.7"
    "@babel/plugin-transform-typescript" "^7.17.12"

"@babel/template@^7.16.7":
  version "7.16.7"
  resolved "https://registry.yarnpkg.com/@babel/template/-/template-7.16.7.tgz#8d126c8701fde4d66b264b3eba3d96f07666d155"
  integrity sha512-I8j/x8kHUrbYRTUxXrrMbfCa7jxkE7tZre39x3kjr9hvI82cK1FfqLygotcWN5kdPGWcLdWMHpSBavse5tWw3w==
  dependencies:
    "@babel/code-frame" "^7.16.7"
    "@babel/parser" "^7.16.7"
    "@babel/types" "^7.16.7"

"@babel/traverse@^7.18.0", "@babel/traverse@^7.18.2":
  version "7.18.2"
  resolved "https://registry.yarnpkg.com/@babel/traverse/-/traverse-7.18.2.tgz#b77a52604b5cc836a9e1e08dca01cba67a12d2e8"
  integrity sha512-9eNwoeovJ6KH9zcCNnENY7DMFwTU9JdGCFtqNLfUAqtUHRCOsTOqWoffosP8vKmNYeSBUv3yVJXjfd8ucwOjUA==
  dependencies:
    "@babel/code-frame" "^7.16.7"
    "@babel/generator" "^7.18.2"
    "@babel/helper-environment-visitor" "^7.18.2"
    "@babel/helper-function-name" "^7.17.9"
    "@babel/helper-hoist-variables" "^7.16.7"
    "@babel/helper-split-export-declaration" "^7.16.7"
    "@babel/parser" "^7.18.0"
    "@babel/types" "^7.18.2"
    debug "^4.1.0"
    globals "^11.1.0"

"@babel/types@^7.0.0", "@babel/types@^7.16.7", "@babel/types@^7.17.0", "@babel/types@^7.18.0", "@babel/types@^7.18.2", "@babel/types@^7.3.0":
  version "7.18.2"
  resolved "https://registry.yarnpkg.com/@babel/types/-/types-7.18.2.tgz#191abfed79ebe6f4242f643a9a5cbaa36b10b091"
  integrity sha512-0On6B8A4/+mFUto5WERt3EEuG1NznDirvwca1O8UwXQHVY8g3R7OzYgxXdOfMwLO08UrpUD/2+3Bclyq+/C94Q==
  dependencies:
    "@babel/helper-validator-identifier" "^7.16.7"
    to-fast-properties "^2.0.0"

"@emotion/hash@^0.8.0":
  version "0.8.0"
  resolved "https://registry.yarnpkg.com/@emotion/hash/-/hash-0.8.0.tgz#bbbff68978fefdbe68ccb533bc8cbe1d1afb5413"
  integrity sha512-kBJtf7PH6aWwZ6fka3zQ0p6SBYzx4fl1LoZXE2RrnYST9Xljm7WfKJrU4g/Xr3Beg72MLrp1AWNUmuYJTL7Cow==

"@jridgewell/gen-mapping@^0.1.0":
  version "0.1.1"
  resolved "https://registry.yarnpkg.com/@jridgewell/gen-mapping/-/gen-mapping-0.1.1.tgz#e5d2e450306a9491e3bd77e323e38d7aff315996"
  integrity sha512-sQXCasFk+U8lWYEe66WxRDOE9PjVz4vSM51fTu3Hw+ClTpUSQb718772vH3pyS5pShp6lvQM7SxgIDXXXmOX7w==
  dependencies:
    "@jridgewell/set-array" "^1.0.0"
    "@jridgewell/sourcemap-codec" "^1.4.10"

"@jridgewell/gen-mapping@^0.3.0":
  version "0.3.1"
  resolved "https://registry.yarnpkg.com/@jridgewell/gen-mapping/-/gen-mapping-0.3.1.tgz#cf92a983c83466b8c0ce9124fadeaf09f7c66ea9"
  integrity sha512-GcHwniMlA2z+WFPWuY8lp3fsza0I8xPFMWL5+n8LYyP6PSvPrXf4+n8stDHZY2DM0zy9sVkRDy1jDI4XGzYVqg==
  dependencies:
    "@jridgewell/set-array" "^1.0.0"
    "@jridgewell/sourcemap-codec" "^1.4.10"
    "@jridgewell/trace-mapping" "^0.3.9"

"@jridgewell/resolve-uri@^3.0.3":
  version "3.0.7"
  resolved "https://registry.yarnpkg.com/@jridgewell/resolve-uri/-/resolve-uri-3.0.7.tgz#30cd49820a962aff48c8fffc5cd760151fca61fe"
  integrity sha512-8cXDaBBHOr2pQ7j77Y6Vp5VDT2sIqWyWQ56TjEq4ih/a4iST3dItRe8Q9fp0rrIl9DoKhWQtUQz/YpOxLkXbNA==

"@jridgewell/set-array@^1.0.0":
  version "1.1.1"
  resolved "https://registry.yarnpkg.com/@jridgewell/set-array/-/set-array-1.1.1.tgz#36a6acc93987adcf0ba50c66908bd0b70de8afea"
  integrity sha512-Ct5MqZkLGEXTVmQYbGtx9SVqD2fqwvdubdps5D3djjAkgkKwT918VNOz65pEHFaYTeWcukmJmH5SwsA9Tn2ObQ==

"@jridgewell/sourcemap-codec@^1.4.10":
  version "1.4.13"
  resolved "https://registry.yarnpkg.com/@jridgewell/sourcemap-codec/-/sourcemap-codec-1.4.13.tgz#b6461fb0c2964356c469e115f504c95ad97ab88c"
  integrity sha512-GryiOJmNcWbovBxTfZSF71V/mXbgcV3MewDe3kIMCLyIh5e7SKAeUZs+rMnJ8jkMolZ/4/VsdBmMrw3l+VdZ3w==

"@jridgewell/trace-mapping@^0.3.9":
  version "0.3.13"
  resolved "https://registry.yarnpkg.com/@jridgewell/trace-mapping/-/trace-mapping-0.3.13.tgz#dcfe3e95f224c8fe97a87a5235defec999aa92ea"
  integrity sha512-o1xbKhp9qnIAoHJSWd6KlCZfqslL4valSF81H8ImioOAxluWYWOpWkpyktY2vnt4tbrX9XYaxovq6cgowaJp2w==
  dependencies:
    "@jridgewell/resolve-uri" "^3.0.3"
    "@jridgewell/sourcemap-codec" "^1.4.10"

"@types/babel__core@^7.1.19":
  version "7.1.19"
  resolved "https://registry.yarnpkg.com/@types/babel__core/-/babel__core-7.1.19.tgz#7b497495b7d1b4812bdb9d02804d0576f43ee460"
  integrity sha512-WEOTgRsbYkvA/KCsDwVEGkd7WAr1e3g31VHQ8zy5gul/V1qKullU/BU5I68X5v7V3GnB9eotmom4v5a5gjxorw==
  dependencies:
    "@babel/parser" "^7.1.0"
    "@babel/types" "^7.0.0"
    "@types/babel__generator" "*"
    "@types/babel__template" "*"
    "@types/babel__traverse" "*"

"@types/babel__generator@*":
  version "7.6.4"
  resolved "https://registry.yarnpkg.com/@types/babel__generator/-/babel__generator-7.6.4.tgz#1f20ce4c5b1990b37900b63f050182d28c2439b7"
  integrity sha512-tFkciB9j2K755yrTALxD44McOrk+gfpIpvC3sxHjRawj6PfnQxrse4Clq5y/Rq+G3mrBurMax/lG8Qn2t9mSsg==
  dependencies:
    "@babel/types" "^7.0.0"

"@types/babel__template@*":
  version "7.4.1"
  resolved "https://registry.yarnpkg.com/@types/babel__template/-/babel__template-7.4.1.tgz#3d1a48fd9d6c0edfd56f2ff578daed48f36c8969"
  integrity sha512-azBFKemX6kMg5Io+/rdGT0dkGreboUVR0Cdm3fz9QJWpaQGJRQXl7C+6hOTCZcMll7KFyEQpgbYI2lHdsS4U7g==
  dependencies:
    "@babel/parser" "^7.1.0"
    "@babel/types" "^7.0.0"

"@types/babel__traverse@*":
  version "7.17.1"
  resolved "https://registry.yarnpkg.com/@types/babel__traverse/-/babel__traverse-7.17.1.tgz#1a0e73e8c28c7e832656db372b779bfd2ef37314"
  integrity sha512-kVzjari1s2YVi77D3w1yuvohV2idweYXMCDzqBiVNN63TcDWrIlTVOYpqVrvbbyOE/IyzBoTKF0fdnLPEORFxA==
  dependencies:
    "@babel/types" "^7.3.0"

"@types/node@*", "@types/node@^17.0.35":
  version "17.0.35"
  resolved "https://registry.yarnpkg.com/@types/node/-/node-17.0.35.tgz#635b7586086d51fb40de0a2ec9d1014a5283ba4a"
  integrity sha512-vu1SrqBjbbZ3J6vwY17jBs8Sr/BKA+/a/WtjRG+whKg1iuLFOosq872EXS0eXWILdO36DHQQeku/ZcL6hz2fpg==

"@types/regexgen@^1.3.0":
  version "1.3.0"
  resolved "https://registry.yarnpkg.com/@types/regexgen/-/regexgen-1.3.0.tgz#2a7577e1dc79e6a40050ef11e6420d56795c34f1"
  integrity sha512-DJqDmenxmfYryvpPIIRJ2zCOSXhLu3JcZZ2CVpysat7LLexTJX3tnfkct6MV3nyNHGDK+zXc6XIS+VZdtIVDdw==

"@vanilla-extract/css@^1.6.8", "@vanilla-extract/css@^1.7.0":
  version "1.7.0"
  resolved "https://registry.yarnpkg.com/@vanilla-extract/css/-/css-1.7.0.tgz#7276830c7741b17b7a70720be88c9083682f5206"
  integrity sha512-2Abpr5aJskwKS+waMWxWnTBqq/rj4J93KtGteW0VSORMUsijrupwjOXECd7Llh+nSFfx/Y6usuexF5/ffyDF8A==
  dependencies:
    "@emotion/hash" "^0.8.0"
    "@vanilla-extract/private" "^1.0.3"
    chalk "^4.1.1"
    css-mediaquery "^0.1.2"
    css-what "^5.0.1"
    cssesc "^3.0.0"
    csstype "^3.0.7"
    deep-object-diff "^1.1.0"
    deepmerge "^4.2.2"
    escape-string-regexp "^4.0.0"
    outdent "^0.8.0"

"@vanilla-extract/esbuild-plugin@^2.0.5":
  version "2.0.5"
  resolved "https://registry.yarnpkg.com/@vanilla-extract/esbuild-plugin/-/esbuild-plugin-2.0.5.tgz#62dda1c86e97fca63fc629b7bb789cb916027736"
  integrity sha512-e0bi1dkUUAfHnLEmXOEOY9NZd82r/4C5S06MKzC018TX5go4JaW6d6DH/9qc7JOUvHXdBkhmGxDkMe3Q5vEnqA==
  dependencies:
    "@vanilla-extract/integration" "^4.0.1"

"@vanilla-extract/integration@^4.0.1":
  version "4.0.1"
  resolved "https://registry.yarnpkg.com/@vanilla-extract/integration/-/integration-4.0.1.tgz#27d721f81fa7c2862393d61e223a5f7e41f335e6"
  integrity sha512-s/P7FynY2/LWMCGVgHTXOpfy4pH0+cTCtTgEZEVvmf2ErX5ZSSsFe1i9MzODCYTDuvV2MWFg7oOspwx7i70h+A==
  dependencies:
    "@vanilla-extract/css" "^1.6.8"
    esbuild "^0.11.16"
    eval "0.1.6"
    find-up "^5.0.0"
    javascript-stringify "^2.0.1"
    lodash "^4.17.21"
    outdent "^0.8.0"

"@vanilla-extract/private@^1.0.3":
  version "1.0.3"
  resolved "https://registry.yarnpkg.com/@vanilla-extract/private/-/private-1.0.3.tgz#7ec72bc2ff6fe51f9d650f962e8d1989b073690f"
  integrity sha512-17kVyLq3ePTKOkveHxXuIJZtGYs+cSoev7BlP+Lf4916qfDhk/HBjvlYDe8egrea7LNPHKwSZJK/bzZC+Q6AwQ==

"@vanilla-extract/recipes@^0.2.4":
  version "0.2.4"
  resolved "https://registry.yarnpkg.com/@vanilla-extract/recipes/-/recipes-0.2.4.tgz#255a0a30cd0b1e6c6e1d890a71f3781339f2f7fd"
  integrity sha512-UwRR3IbxYmKOBSML8oze77T2ZuAGyCmIYqhzRW7kk+AmVNqPwtfDtnf3z6quf+E/B4an5g1TlSGJwHvq9QaVTQ==

ansi-styles@^3.2.1:
  version "3.2.1"
  resolved "https://registry.yarnpkg.com/ansi-styles/-/ansi-styles-3.2.1.tgz#41fbb20243e50b12be0f04b8dedbf07520ce841d"
  integrity sha512-VT0ZI6kZRdTh8YyJw3SMbYm/u+NqfsAxEpWO0Pf9sq8/e94WxxOpPKx9FR1FlyCtOVDNOQ+8ntlqFxiRc+r5qA==
  dependencies:
    color-convert "^1.9.0"

ansi-styles@^4.1.0:
  version "4.3.0"
  resolved "https://registry.yarnpkg.com/ansi-styles/-/ansi-styles-4.3.0.tgz#edd803628ae71c04c85ae7a0906edad34b648937"
  integrity sha512-zbB9rCJAT1rbjiVDb2hqKFHNYLxgtk8NURxZ3IZwD3F6NtxbXZQCnnSi1Lkx+IDohdPlFp222wVALIheZJQSEg==
  dependencies:
    color-convert "^2.0.1"

browserslist@^4.20.2:
  version "4.20.3"
  resolved "https://registry.yarnpkg.com/browserslist/-/browserslist-4.20.3.tgz#eb7572f49ec430e054f56d52ff0ebe9be915f8bf"
  integrity sha512-NBhymBQl1zM0Y5dQT/O+xiLP9/rzOIQdKM/eMJBAq7yBgaB6krIYLGejrwVYnSHZdqjscB1SPuAjHwxjvN6Wdg==
  dependencies:
    caniuse-lite "^1.0.30001332"
    electron-to-chromium "^1.4.118"
    escalade "^3.1.1"
    node-releases "^2.0.3"
    picocolors "^1.0.0"

caniuse-lite@^1.0.30001332:
  version "1.0.30001342"
  resolved "https://registry.yarnpkg.com/caniuse-lite/-/caniuse-lite-1.0.30001342.tgz#87152b1e3b950d1fbf0093e23f00b6c8e8f1da96"
  integrity sha512-bn6sOCu7L7jcbBbyNhLg0qzXdJ/PMbybZTH/BA6Roet9wxYRm6Tr9D0s0uhLkOZ6MSG+QU6txUgdpr3MXIVqjA==

chalk@^2.0.0:
  version "2.4.2"
  resolved "https://registry.yarnpkg.com/chalk/-/chalk-2.4.2.tgz#cd42541677a54333cf541a49108c1432b44c9424"
  integrity sha512-Mti+f9lpJNcwF4tWV8/OrTTtF1gZi+f8FqlyAdouralcFWFQWF2+NgCHShjkCb+IFBLq9buZwE1xckQU4peSuQ==
  dependencies:
    ansi-styles "^3.2.1"
    escape-string-regexp "^1.0.5"
    supports-color "^5.3.0"

chalk@^4.1.1:
  version "4.1.2"
  resolved "https://registry.yarnpkg.com/chalk/-/chalk-4.1.2.tgz#aac4e2b7734a740867aeb16bf02aad556a1e7a01"
  integrity sha512-oKnbhFyRIXpUuez8iBMmyEa4nbj4IOQyuhc/wy9kY7/WVPcwIO9VA668Pu8RkO7+0G76SLROeyw9CpQ061i4mA==
  dependencies:
    ansi-styles "^4.1.0"
    supports-color "^7.1.0"

color-convert@^1.9.0:
  version "1.9.3"
  resolved "https://registry.yarnpkg.com/color-convert/-/color-convert-1.9.3.tgz#bb71850690e1f136567de629d2d5471deda4c1e8"
  integrity sha512-QfAUtd+vFdAtFQcC8CCyYt1fYWxSqAiK2cSD6zDB8N3cpsEBAvRxp9zOGg6G/SHHJYAT88/az/IuDGALsNVbGg==
  dependencies:
    color-name "1.1.3"

color-convert@^2.0.1:
  version "2.0.1"
  resolved "https://registry.yarnpkg.com/color-convert/-/color-convert-2.0.1.tgz#72d3a68d598c9bdb3af2ad1e84f21d896abd4de3"
  integrity sha512-RRECPsj7iu/xb5oKYcsFHSppFNnsj/52OVTRKb4zP5onXwVF3zVmmToNcOfGC+CRDpfK/U584fMg38ZHCaElKQ==
  dependencies:
    color-name "~1.1.4"

color-name@1.1.3:
  version "1.1.3"
  resolved "https://registry.yarnpkg.com/color-name/-/color-name-1.1.3.tgz#a7d0558bd89c42f795dd42328f740831ca53bc25"
  integrity sha1-p9BVi9icQveV3UIyj3QIMcpTvCU=

color-name@~1.1.4:
  version "1.1.4"
  resolved "https://registry.yarnpkg.com/color-name/-/color-name-1.1.4.tgz#c2a09a87acbde69543de6f63fa3995c826c536a2"
  integrity sha512-dOy+3AuW3a2wNbZHIuMZpTcgjGuLU/uBL/ubcZF9OXbDo8ff4O8yVp5Bf0efS8uEoYo5q4Fx7dY9OgQGXgAsQA==

convert-source-map@^1.7.0:
  version "1.8.0"
  resolved "https://registry.yarnpkg.com/convert-source-map/-/convert-source-map-1.8.0.tgz#f3373c32d21b4d780dd8004514684fb791ca4369"
  integrity sha512-+OQdjP49zViI/6i7nIJpA8rAl4sV/JdPfU9nZs3VqOwGIgizICvuN2ru6fMd+4llL0tar18UYJXfZ/TWtmhUjA==
  dependencies:
    safe-buffer "~5.1.1"

css-mediaquery@^0.1.2:
  version "0.1.2"
  resolved "https://registry.yarnpkg.com/css-mediaquery/-/css-mediaquery-0.1.2.tgz#6a2c37344928618631c54bd33cedd301da18bea0"
  integrity sha1-aiw3NEkoYYYxxUvTPO3TAdoYvqA=

css-what@^5.0.1:
  version "5.1.0"
  resolved "https://registry.yarnpkg.com/css-what/-/css-what-5.1.0.tgz#3f7b707aadf633baf62c2ceb8579b545bb40f7fe"
  integrity sha512-arSMRWIIFY0hV8pIxZMEfmMI47Wj3R/aWpZDDxWYCPEiOMv6tfOrnpDtgxBYPEQD4V0Y/958+1TdC3iWTFcUPw==

cssesc@^3.0.0:
  version "3.0.0"
  resolved "https://registry.yarnpkg.com/cssesc/-/cssesc-3.0.0.tgz#37741919903b868565e1c09ea747445cd18983ee"
  integrity sha512-/Tb/JcjK111nNScGob5MNtsntNM1aCNUDipB/TkwZFhyDrrE47SOx/18wF2bbjgc3ZzCSKW1T5nt5EbFoAz/Vg==

csstype@^3.0.7:
  version "3.1.0"
  resolved "https://registry.yarnpkg.com/csstype/-/csstype-3.1.0.tgz#4ddcac3718d787cf9df0d1b7d15033925c8f29f2"
  integrity sha512-uX1KG+x9h5hIJsaKR9xHUeUraxf8IODOwq9JLNPq6BwB04a/xgpq3rcx47l5BZu5zBPlgD342tdke3Hom/nJRA==

debug@^4.1.0:
  version "4.3.4"
  resolved "https://registry.yarnpkg.com/debug/-/debug-4.3.4.tgz#1319f6579357f2338d3337d2cdd4914bb5dcc865"
  integrity sha512-PRWFHuSU3eDtQJPvnNY7Jcket1j0t5OuOsFzPPzsekD52Zl8qUfFIPEiswXqIvHWGVHOgX+7G/vCNNhehwxfkQ==
  dependencies:
    ms "2.1.2"

deep-object-diff@^1.1.0:
  version "1.1.7"
  resolved "https://registry.yarnpkg.com/deep-object-diff/-/deep-object-diff-1.1.7.tgz#348b3246f426427dd633eaa50e1ed1fc2eafc7e4"
  integrity sha512-QkgBca0mL08P6HiOjoqvmm6xOAl2W6CT2+34Ljhg0OeFan8cwlcdq8jrLKsBBuUFAZLsN5b6y491KdKEoSo9lg==

deepmerge@^4.2.2:
  version "4.2.2"
  resolved "https://registry.yarnpkg.com/deepmerge/-/deepmerge-4.2.2.tgz#44d2ea3679b8f4d4ffba33f03d865fc1e7bf4955"
  integrity sha512-FJ3UgI4gIl+PHZm53knsuSFpE+nESMr7M4v9QcgB7S63Kj/6WqMiFQJpBBYz1Pt+66bZpP3Q7Lye0Oo9MPKEdg==

electron-to-chromium@^1.4.118:
  version "1.4.138"
  resolved "https://registry.yarnpkg.com/electron-to-chromium/-/electron-to-chromium-1.4.138.tgz#3ec41ca589aaf505dfe2034fde913329af801730"
  integrity sha512-IOyp2Seq3w4QLln+yZWcMF3VXhhduz4bwg9gfI+CnP5TkzwNXQ8FCZuwwPsnes73AfWdf5J2n2OXdUwDUspDPQ==

esbuild-android-64@0.14.39:
  version "0.14.39"
  resolved "https://registry.yarnpkg.com/esbuild-android-64/-/esbuild-android-64-0.14.39.tgz#09f12a372eed9743fd77ff6d889ac14f7b340c21"
  integrity sha512-EJOu04p9WgZk0UoKTqLId9VnIsotmI/Z98EXrKURGb3LPNunkeffqQIkjS2cAvidh+OK5uVrXaIP229zK6GvhQ==

esbuild-android-arm64@0.14.39:
  version "0.14.39"
  resolved "https://registry.yarnpkg.com/esbuild-android-arm64/-/esbuild-android-arm64-0.14.39.tgz#f608d00ea03fe26f3b1ab92a30f99220390f3071"
  integrity sha512-+twajJqO7n3MrCz9e+2lVOnFplRsaGRwsq1KL/uOy7xK7QdRSprRQcObGDeDZUZsacD5gUkk6OiHiYp6RzU3CA==

esbuild-darwin-64@0.14.39:
  version "0.14.39"
  resolved "https://registry.yarnpkg.com/esbuild-darwin-64/-/esbuild-darwin-64-0.14.39.tgz#31528daa75b4c9317721ede344195163fae3e041"
  integrity sha512-ImT6eUw3kcGcHoUxEcdBpi6LfTRWaV6+qf32iYYAfwOeV+XaQ/Xp5XQIBiijLeo+LpGci9M0FVec09nUw41a5g==

esbuild-darwin-arm64@0.14.39:
  version "0.14.39"
  resolved "https://registry.yarnpkg.com/esbuild-darwin-arm64/-/esbuild-darwin-arm64-0.14.39.tgz#247f770d86d90a215fa194f24f90e30a0bd97245"
  integrity sha512-/fcQ5UhE05OiT+bW5v7/up1bDsnvaRZPJxXwzXsMRrr7rZqPa85vayrD723oWMT64dhrgWeA3FIneF8yER0XTw==

esbuild-freebsd-64@0.14.39:
  version "0.14.39"
  resolved "https://registry.yarnpkg.com/esbuild-freebsd-64/-/esbuild-freebsd-64-0.14.39.tgz#479414d294905055eb396ebe455ed42213284ee0"
  integrity sha512-oMNH8lJI4wtgN5oxuFP7BQ22vgB/e3Tl5Woehcd6i2r6F3TszpCnNl8wo2d/KvyQ4zvLvCWAlRciumhQg88+kQ==

esbuild-freebsd-arm64@0.14.39:
  version "0.14.39"
  resolved "https://registry.yarnpkg.com/esbuild-freebsd-arm64/-/esbuild-freebsd-arm64-0.14.39.tgz#cedeb10357c88533615921ae767a67dc870a474c"
  integrity sha512-1GHK7kwk57ukY2yI4ILWKJXaxfr+8HcM/r/JKCGCPziIVlL+Wi7RbJ2OzMcTKZ1HpvEqCTBT/J6cO4ZEwW4Ypg==

esbuild-linux-32@0.14.39:
  version "0.14.39"
  resolved "https://registry.yarnpkg.com/esbuild-linux-32/-/esbuild-linux-32-0.14.39.tgz#d9f008c4322d771f3958f59c1eee5a05cdf92485"
  integrity sha512-g97Sbb6g4zfRLIxHgW2pc393DjnkTRMeq3N1rmjDUABxpx8SjocK4jLen+/mq55G46eE2TA0MkJ4R3SpKMu7dg==

esbuild-linux-64@0.14.39:
  version "0.14.39"
  resolved "https://registry.yarnpkg.com/esbuild-linux-64/-/esbuild-linux-64-0.14.39.tgz#ba58d7f66858913aeb1ab5c6bde1bbd824731795"
  integrity sha512-4tcgFDYWdI+UbNMGlua9u1Zhu0N5R6u9tl5WOM8aVnNX143JZoBZLpCuUr5lCKhnD0SCO+5gUyMfupGrHtfggQ==

esbuild-linux-arm64@0.14.39:
  version "0.14.39"
  resolved "https://registry.yarnpkg.com/esbuild-linux-arm64/-/esbuild-linux-arm64-0.14.39.tgz#708785a30072702b5b1c16b65cf9c25c51202529"
  integrity sha512-23pc8MlD2D6Px1mV8GMglZlKgwgNKAO8gsgsLLcXWSs9lQsCYkIlMo/2Ycfo5JrDIbLdwgP8D2vpfH2KcBqrDQ==

esbuild-linux-arm@0.14.39:
  version "0.14.39"
  resolved "https://registry.yarnpkg.com/esbuild-linux-arm/-/esbuild-linux-arm-0.14.39.tgz#4e8b5deaa7ab60d0d28fab131244ef82b40684f4"
  integrity sha512-t0Hn1kWVx5UpCzAJkKRfHeYOLyFnXwYynIkK54/h3tbMweGI7dj400D1k0Vvtj2u1P+JTRT9tx3AjtLEMmfVBQ==

esbuild-linux-mips64le@0.14.39:
  version "0.14.39"
  resolved "https://registry.yarnpkg.com/esbuild-linux-mips64le/-/esbuild-linux-mips64le-0.14.39.tgz#6f3bf3023f711084e5a1e8190487d2020f39f0f7"
  integrity sha512-epwlYgVdbmkuRr5n4es3B+yDI0I2e/nxhKejT9H0OLxFAlMkeQZxSpxATpDc9m8NqRci6Kwyb/SfmD1koG2Zuw==

esbuild-linux-ppc64le@0.14.39:
  version "0.14.39"
  resolved "https://registry.yarnpkg.com/esbuild-linux-ppc64le/-/esbuild-linux-ppc64le-0.14.39.tgz#900e718a4ea3f6aedde8424828eeefdd4b48d4b9"
  integrity sha512-W/5ezaq+rQiQBThIjLMNjsuhPHg+ApVAdTz2LvcuesZFMsJoQAW2hutoyg47XxpWi7aEjJGrkS26qCJKhRn3QQ==

esbuild-linux-riscv64@0.14.39:
  version "0.14.39"
  resolved "https://registry.yarnpkg.com/esbuild-linux-riscv64/-/esbuild-linux-riscv64-0.14.39.tgz#dcbff622fa37047a75d2ff7a1d8d2949d80277e4"
  integrity sha512-IS48xeokcCTKeQIOke2O0t9t14HPvwnZcy+5baG13Z1wxs9ZrC5ig5ypEQQh4QMKxURD5TpCLHw2W42CLuVZaA==

esbuild-linux-s390x@0.14.39:
  version "0.14.39"
  resolved "https://registry.yarnpkg.com/esbuild-linux-s390x/-/esbuild-linux-s390x-0.14.39.tgz#3f725a7945b419406c99d93744b28552561dcdfd"
  integrity sha512-zEfunpqR8sMomqXhNTFEKDs+ik7HC01m3M60MsEjZOqaywHu5e5682fMsqOlZbesEAAaO9aAtRBsU7CHnSZWyA==

esbuild-netbsd-64@0.14.39:
  version "0.14.39"
  resolved "https://registry.yarnpkg.com/esbuild-netbsd-64/-/esbuild-netbsd-64-0.14.39.tgz#e10e40b6a765798b90d4eb85901cc85c8b7ff85e"
  integrity sha512-Uo2suJBSIlrZCe4E0k75VDIFJWfZy+bOV6ih3T4MVMRJh1lHJ2UyGoaX4bOxomYN3t+IakHPyEoln1+qJ1qYaA==

esbuild-openbsd-64@0.14.39:
  version "0.14.39"
  resolved "https://registry.yarnpkg.com/esbuild-openbsd-64/-/esbuild-openbsd-64-0.14.39.tgz#935ec143f75ce10bd9cdb1c87fee00287eb0edbc"
  integrity sha512-secQU+EpgUPpYjJe3OecoeGKVvRMLeKUxSMGHnK+aK5uQM3n1FPXNJzyz1LHFOo0WOyw+uoCxBYdM4O10oaCAA==

esbuild-plugin-babel@^0.2.3:
  version "0.2.3"
  resolved "https://registry.yarnpkg.com/esbuild-plugin-babel/-/esbuild-plugin-babel-0.2.3.tgz#e6bce2ad9b962bf725700b6d0c803eed21b9fff6"
  integrity sha512-hGLL31n+GvBhkHUpPCt1sU4ynzOH7I1IUkKhera66jigi4mHFPL6dfJo44L6/1rfcZudXx+wGdf9VOifzDPqYQ==

esbuild-register@^3.3.2:
  version "3.3.2"
  resolved "https://registry.yarnpkg.com/esbuild-register/-/esbuild-register-3.3.2.tgz#1c3dc7179cabb4c7bd640a393eb916b18b12a223"
  integrity sha512-jceAtTO6zxPmCfSD5cBb3rgIK1vmuqCKYwgylHiS1BF4pq0jJiJb4K2QMuqF4BEw7XDBRatYzip0upyTzfkgsQ==

esbuild-sunos-64@0.14.39:
  version "0.14.39"
  resolved "https://registry.yarnpkg.com/esbuild-sunos-64/-/esbuild-sunos-64-0.14.39.tgz#0e7aa82b022a2e6d55b0646738b2582c2d72c3c0"
  integrity sha512-qHq0t5gePEDm2nqZLb+35p/qkaXVS7oIe32R0ECh2HOdiXXkj/1uQI9IRogGqKkK+QjDG+DhwiUw7QoHur/Rwg==

esbuild-windows-32@0.14.39:
  version "0.14.39"
  resolved "https://registry.yarnpkg.com/esbuild-windows-32/-/esbuild-windows-32-0.14.39.tgz#3f1538241f31b538545f4b5841b248cac260fa35"
  integrity sha512-XPjwp2OgtEX0JnOlTgT6E5txbRp6Uw54Isorm3CwOtloJazeIWXuiwK0ONJBVb/CGbiCpS7iP2UahGgd2p1x+Q==

esbuild-windows-64@0.14.39:
  version "0.14.39"
  resolved "https://registry.yarnpkg.com/esbuild-windows-64/-/esbuild-windows-64-0.14.39.tgz#b100c59f96d3c2da2e796e42fee4900d755d3e03"
  integrity sha512-E2wm+5FwCcLpKsBHRw28bSYQw0Ikxb7zIMxw3OPAkiaQhLVr3dnVO8DofmbWhhf6b97bWzg37iSZ45ZDpLw7Ow==

esbuild-windows-arm64@0.14.39:
  version "0.14.39"
  resolved "https://registry.yarnpkg.com/esbuild-windows-arm64/-/esbuild-windows-arm64-0.14.39.tgz#00268517e665b33c89778d61f144e4256b39f631"
  integrity sha512-sBZQz5D+Gd0EQ09tZRnz/PpVdLwvp/ufMtJ1iDFYddDaPpZXKqPyaxfYBLs3ueiaksQ26GGa7sci0OqFzNs7KA==

esbuild@^0.11.16:
  version "0.11.23"
  resolved "https://registry.yarnpkg.com/esbuild/-/esbuild-0.11.23.tgz#c42534f632e165120671d64db67883634333b4b8"
  integrity sha512-iaiZZ9vUF5wJV8ob1tl+5aJTrwDczlvGP0JoMmnpC2B0ppiMCu8n8gmy5ZTGl5bcG081XBVn+U+jP+mPFm5T5Q==

esbuild@^0.14.39:
  version "0.14.39"
  resolved "https://registry.yarnpkg.com/esbuild/-/esbuild-0.14.39.tgz#c926b2259fe6f6d3a94f528fb42e103c5a6d909a"
  integrity sha512-2kKujuzvRWYtwvNjYDY444LQIA3TyJhJIX3Yo4+qkFlDDtGlSicWgeHVJqMUP/2sSfH10PGwfsj+O2ro1m10xQ==
  optionalDependencies:
    esbuild-android-64 "0.14.39"
    esbuild-android-arm64 "0.14.39"
    esbuild-darwin-64 "0.14.39"
    esbuild-darwin-arm64 "0.14.39"
    esbuild-freebsd-64 "0.14.39"
    esbuild-freebsd-arm64 "0.14.39"
    esbuild-linux-32 "0.14.39"
    esbuild-linux-64 "0.14.39"
    esbuild-linux-arm "0.14.39"
    esbuild-linux-arm64 "0.14.39"
    esbuild-linux-mips64le "0.14.39"
    esbuild-linux-ppc64le "0.14.39"
    esbuild-linux-riscv64 "0.14.39"
    esbuild-linux-s390x "0.14.39"
    esbuild-netbsd-64 "0.14.39"
    esbuild-openbsd-64 "0.14.39"
    esbuild-sunos-64 "0.14.39"
    esbuild-windows-32 "0.14.39"
    esbuild-windows-64 "0.14.39"
    esbuild-windows-arm64 "0.14.39"

escalade@^3.1.1:
  version "3.1.1"
  resolved "https://registry.yarnpkg.com/escalade/-/escalade-3.1.1.tgz#d8cfdc7000965c5a0174b4a82eaa5c0552742e40"
  integrity sha512-k0er2gUkLf8O0zKJiAhmkTnJlTvINGv7ygDNPbeIsX/TJjGJZHuh9B2UxbsaEkmlEo9MfhrSzmhIlhRlI2GXnw==

escape-string-regexp@^1.0.5:
  version "1.0.5"
  resolved "https://registry.yarnpkg.com/escape-string-regexp/-/escape-string-regexp-1.0.5.tgz#1b61c0562190a8dff6ae3bb2cf0200ca130b86d4"
  integrity sha1-G2HAViGQqN/2rjuyzwIAyhMLhtQ=

escape-string-regexp@^4.0.0:
  version "4.0.0"
  resolved "https://registry.yarnpkg.com/escape-string-regexp/-/escape-string-regexp-4.0.0.tgz#14ba83a5d373e3d311e5afca29cf5bfad965bf34"
  integrity sha512-TtpcNJ3XAzx3Gq8sWRzJaVajRs0uVxA2YAkdb1jm2YkPz4G6egUFAyA3n5vtEIZefPk5Wa4UXbKuS5fKkJWdgA==

eval@0.1.6:
  version "0.1.6"
  resolved "https://registry.yarnpkg.com/eval/-/eval-0.1.6.tgz#9620d7d8c85515e97e6b47c5814f46ae381cb3cc"
  integrity sha512-o0XUw+5OGkXw4pJZzQoXUk+H87DHuC+7ZE//oSrRGtatTmr12oTnLfg6QOq9DyTt0c/p4TwzgmkKrBzWTSizyQ==
  dependencies:
    require-like ">= 0.1.1"

eval@^0.1.8:
  version "0.1.8"
  resolved "https://registry.yarnpkg.com/eval/-/eval-0.1.8.tgz#2b903473b8cc1d1989b83a1e7923f883eb357f85"
  integrity sha512-EzV94NYKoO09GLXGjXj9JIlXijVck4ONSr5wiCWDvhsvj5jxSrzTmRU/9C1DyB6uToszLs8aifA6NQ7lEQdvFw==
  dependencies:
    "@types/node" "*"
    require-like ">= 0.1.1"

find-up@^5.0.0:
  version "5.0.0"
  resolved "https://registry.yarnpkg.com/find-up/-/find-up-5.0.0.tgz#4c92819ecb7083561e4f4a240a86be5198f536fc"
  integrity sha512-78/PXT1wlLLDgTzDs7sjq9hzz0vXD+zn+7wypEe4fXQxCmdmqfGsEPQxmiCSQI3ajFV91bVSsvNtrJRiW6nGng==
  dependencies:
    locate-path "^6.0.0"
    path-exists "^4.0.0"

gensync@^1.0.0-beta.2:
  version "1.0.0-beta.2"
  resolved "https://registry.yarnpkg.com/gensync/-/gensync-1.0.0-beta.2.tgz#32a6ee76c3d7f52d46b2b1ae5d93fea8580a25e0"
  integrity sha512-3hN7NaskYvMDLQY55gnW3NQ+mesEAepTqlg+VEbj7zzqEMBVNhzcGYYeqFo/TlYz6eQiFcp1HcsCZO+nGgS8zg==

globals@^11.1.0:
  version "11.12.0"
  resolved "https://registry.yarnpkg.com/globals/-/globals-11.12.0.tgz#ab8795338868a0babd8525758018c2a7eb95c42e"
  integrity sha512-WOBp/EEGUiIsJSp7wcv/y6MO+lV9UoncWqxuFfm8eBwzWNgyfBd6Gz+IeKQ9jCmyhoH99g15M3T+QaVHFjizVA==

has-flag@^3.0.0:
  version "3.0.0"
  resolved "https://registry.yarnpkg.com/has-flag/-/has-flag-3.0.0.tgz#b5d454dc2199ae225699f3467e5a07f3b955bafd"
  integrity sha1-tdRU3CGZriJWmfNGfloH87lVuv0=

has-flag@^4.0.0:
  version "4.0.0"
  resolved "https://registry.yarnpkg.com/has-flag/-/has-flag-4.0.0.tgz#944771fd9c81c81265c4d6941860da06bb59479b"
  integrity sha512-EykJT/Q1KjTWctppgIAgfSO0tKVuZUjhgMr17kqTumMl6Afv3EISleU7qZUzoXDFTAHTDC4NOoG/ZxU3EvlMPQ==

javascript-stringify@^2.0.1:
  version "2.1.0"
  resolved "https://registry.yarnpkg.com/javascript-stringify/-/javascript-stringify-2.1.0.tgz#27c76539be14d8bd128219a2d731b09337904e79"
  integrity sha512-JVAfqNPTvNq3sB/VHQJAFxN/sPgKnsKrCwyRt15zwNCdrMMJDdcEOdubuy+DuJYYdm0ox1J4uzEuYKkN+9yhVg==

js-tokens@^4.0.0:
  version "4.0.0"
  resolved "https://registry.yarnpkg.com/js-tokens/-/js-tokens-4.0.0.tgz#19203fb59991df98e3a287050d4647cdeaf32499"
  integrity sha512-RdJUflcE3cUzKiMqQgsCu06FPu9UdIJO0beYbPhHN4k6apgJtifcoCtT9bcxOpYBtpD2kCM6Sbzg4CausW/PKQ==

jsesc@^2.3.0, jsesc@^2.5.1:
  version "2.5.2"
  resolved "https://registry.yarnpkg.com/jsesc/-/jsesc-2.5.2.tgz#80564d2e483dacf6e8ef209650a67df3f0c283a4"
  integrity sha512-OYu7XEzjkCQ3C5Ps3QIZsQfNpqoJyZZA99wd9aWd05NCtC5pWOkShK2mkL6HXQR6/Cy2lbNdPlZBpuQHXE63gA==

json5@^2.2.1:
  version "2.2.1"
  resolved "https://registry.yarnpkg.com/json5/-/json5-2.2.1.tgz#655d50ed1e6f95ad1a3caababd2b0efda10b395c"
  integrity sha512-1hqLFMSrGHRHxav9q9gNjJ5EXznIxGVO09xQRrwplcS8qs28pZ8s8hupZAmqDwZUmVZ2Qb2jnyPOWcDH8m8dlA==

locate-path@^6.0.0:
  version "6.0.0"
  resolved "https://registry.yarnpkg.com/locate-path/-/locate-path-6.0.0.tgz#55321eb309febbc59c4801d931a72452a681d286"
  integrity sha512-iPZK6eYjbxRu3uB4/WZ3EsEIMJFMqAoopl3R+zuq0UjcAm/MO6KCweDgPfP3elTztoKP3KtnVHxTn2NHBSDVUw==
  dependencies:
    p-locate "^5.0.0"

lodash@^4.17.21:
  version "4.17.21"
  resolved "https://registry.yarnpkg.com/lodash/-/lodash-4.17.21.tgz#679591c564c3bffaae8454cf0b3df370c3d6911c"
  integrity sha512-v2kDEe57lecTulaDIuNTPy3Ry4gLGJ6Z1O3vE1krgXZNrsQ+LFTGHVxVjcXPs17LhbZVGedAJv8XZ1tvj5FvSg==

ms@2.1.2:
  version "2.1.2"
  resolved "https://registry.yarnpkg.com/ms/-/ms-2.1.2.tgz#d09d1f357b443f493382a8eb3ccd183872ae6009"
  integrity sha512-sGkPx+VjMtmA6MX27oA4FBFELFCZZ4S4XqeGOXCv68tT+jb3vk/RyaKWP0PTKyWtmLSM0b+adUTEvbs1PEaH2w==

murmurhash@^2.0.1:
  version "2.0.1"
  resolved "https://registry.yarnpkg.com/murmurhash/-/murmurhash-2.0.1.tgz#4097720e08cf978872194ad84ea5be2dec9b610f"
  integrity sha512-5vQEh3y+DG/lMPM0mCGPDnyV8chYg/g7rl6v3Gd8WMF9S429ox3Xk8qrk174kWhG767KQMqqxLD1WnGd77hiew==

node-releases@^2.0.3:
  version "2.0.5"
  resolved "https://registry.yarnpkg.com/node-releases/-/node-releases-2.0.5.tgz#280ed5bc3eba0d96ce44897d8aee478bfb3d9666"
  integrity sha512-U9h1NLROZTq9uE1SNffn6WuPDg8icmi3ns4rEl/oTfIle4iLjTliCzgTsbaIFMq/Xn078/lfY/BL0GWZ+psK4Q==

outdent@^0.8.0:
  version "0.8.0"
  resolved "https://registry.yarnpkg.com/outdent/-/outdent-0.8.0.tgz#2ebc3e77bf49912543f1008100ff8e7f44428eb0"
  integrity sha512-KiOAIsdpUTcAXuykya5fnVVT+/5uS0Q1mrkRHcF89tpieSmY33O/tmc54CqwA+bfhbtEfZUNLHaPUiB9X3jt1A==

p-limit@^3.0.2:
  version "3.1.0"
  resolved "https://registry.yarnpkg.com/p-limit/-/p-limit-3.1.0.tgz#e1daccbe78d0d1388ca18c64fea38e3e57e3706b"
  integrity sha512-TYOanM3wGwNGsZN2cVTYPArw454xnXj5qmWF1bEoAc4+cU/ol7GVh7odevjp1FNHduHc3KZMcFduxU5Xc6uJRQ==
  dependencies:
    yocto-queue "^0.1.0"

p-locate@^5.0.0:
  version "5.0.0"
  resolved "https://registry.yarnpkg.com/p-locate/-/p-locate-5.0.0.tgz#83c8315c6785005e3bd021839411c9e110e6d834"
  integrity sha512-LaNjtRWUBY++zB5nE/NwcaoMylSPk+S+ZHNB1TzdbMJMny6dynpAGt7X/tl/QYq3TIeE6nxHppbo2LGymrG5Pw==
  dependencies:
    p-limit "^3.0.2"

path-exists@^4.0.0:
  version "4.0.0"
  resolved "https://registry.yarnpkg.com/path-exists/-/path-exists-4.0.0.tgz#513bdbe2d3b95d7762e8c1137efa195c6c61b5b3"
  integrity sha512-ak9Qy5Q7jYb2Wwcey5Fpvg2KoAc/ZIhLSLOSBmRmygPsGwkVVt0fZa0qrtMz+m6tJTAHfZQ8FnmB4MG4LWy7/w==

picocolors@^1.0.0:
  version "1.0.0"
  resolved "https://registry.yarnpkg.com/picocolors/-/picocolors-1.0.0.tgz#cb5bdc74ff3f51892236eaf79d68bc44564ab81c"
  integrity sha512-1fygroTLlHu66zi26VoTDv8yRgm0Fccecssto+MhsZ0D/DGW2sm8E8AjW7NU5VVTRt5GxbeZ5qBuJr+HyLYkjQ==

regenerate@^1.3.2:
  version "1.4.2"
  resolved "https://registry.yarnpkg.com/regenerate/-/regenerate-1.4.2.tgz#b9346d8827e8f5a32f7ba29637d398b69014848a"
  integrity sha512-zrceR/XhGYU/d/opr2EKO7aRHUeiBI8qjtfHqADTwZd6Szfy16la6kqD0MIUs5z5hx6AaKa+PixpPrR289+I0A==

regexgen@^1.3.0:
  version "1.3.0"
  resolved "https://registry.yarnpkg.com/regexgen/-/regexgen-1.3.0.tgz#b022f38e5120bb46fdcd37facb91168f15e6fe7a"
  integrity sha1-sCLzjlEgu0b9zTf6y5EWjxXm/no=
  dependencies:
    jsesc "^2.3.0"
    regenerate "^1.3.2"

"require-like@>= 0.1.1":
  version "0.1.2"
  resolved "https://registry.yarnpkg.com/require-like/-/require-like-0.1.2.tgz#ad6f30c13becd797010c468afa775c0c0a6b47fa"
  integrity sha1-rW8wwTvs15cBDEaK+ndcDAprR/o=

safe-buffer@~5.1.1:
  version "5.1.2"
  resolved "https://registry.yarnpkg.com/safe-buffer/-/safe-buffer-5.1.2.tgz#991ec69d296e0313747d59bdfd2b745c35f8828d"
  integrity sha512-Gd2UZBJDkXlY7GbJxfsE8/nvKkUEU1G38c1siN6QP6a9PT9MmHB8GnpscSmMJSoF8LOIrt8ud/wPtojys4G6+g==

semver@^6.3.0:
  version "6.3.0"
  resolved "https://registry.yarnpkg.com/semver/-/semver-6.3.0.tgz#ee0a64c8af5e8ceea67687b133761e1becbd1d3d"
  integrity sha512-b39TBaTSfV6yBrapU89p5fKekE2m/NwnDocOVruQFS1/veMgdzuPcnOM34M6CwxW8jH/lxEa5rBoDeUwu5HHTw==

solid-js@^1.4.3:
  version "1.4.3"
  resolved "https://registry.yarnpkg.com/solid-js/-/solid-js-1.4.3.tgz#9805f894a832bced72f6fe1eb011973d15ce72f4"
  integrity sha512-3uh2cbT4ICronIasLAxycF6SVgvqcfwFCDCzlEA9CEahn1qQg8Rw8aRGiI4O51PrHcN5aPRO9knYYRCs0PgzcQ==

supports-color@^5.3.0:
  version "5.5.0"
  resolved "https://registry.yarnpkg.com/supports-color/-/supports-color-5.5.0.tgz#e2e69a44ac8772f78a1ec0b35b689df6530efc8f"
  integrity sha512-QjVjwdXIt408MIiAqCX4oUKsgU2EqAGzs2Ppkm4aQYbjm+ZEWEcW4SfFNTr4uMNZma0ey4f5lgLrkB0aX0QMow==
  dependencies:
    has-flag "^3.0.0"

supports-color@^7.1.0:
  version "7.2.0"
  resolved "https://registry.yarnpkg.com/supports-color/-/supports-color-7.2.0.tgz#1b7dcdcb32b8138801b3e478ba6a51caa89648da"
  integrity sha512-qpCAvRl9stuOHveKsn7HncJRvv501qIacKzQlO/+Lwxc9+0q2wLyv4Dfvt80/DPn2pqOBsJdDiogXGR9+OvwRw==
  dependencies:
    has-flag "^4.0.0"

to-fast-properties@^2.0.0:
  version "2.0.0"
  resolved "https://registry.yarnpkg.com/to-fast-properties/-/to-fast-properties-2.0.0.tgz#dc5e698cbd079265bc73e0377681a4e4e83f616e"
  integrity sha1-3F5pjL0HkmW8c+A3doGk5Og/YW4=

yocto-queue@^0.1.0:
  version "0.1.0"
  resolved "https://registry.yarnpkg.com/yocto-queue/-/yocto-queue-0.1.0.tgz#0294eb3dee05028d31ee1a5fa2c556a6aaf10a1b"
  integrity sha512-rVksvsnNCdJ/ohGc6xgPwyN8eheCxsiLM8mxuE/t/mOVqJewPuO1miLpTHQiRgTKCLexL4MeAFVagts7HmNZ2Q==
