# THIS IS AN AUTOGENERATED FILE. DO NOT EDIT THIS FILE DIRECTLY.
# yarn lockfile v1


"@babel/runtime@^7.12.5":
  version "7.21.0"
  resolved "https://registry.yarnpkg.com/@babel/runtime/-/runtime-7.21.0.tgz#5b55c9d394e5fcf304909a8b00c07dc217b56673"
  integrity sha512-xwII0//EObnq89Ji5AKYQaRYiW/nZ3llSv29d49IuxPhKbtJoLP+9QUUZ4nVragQVtaVGeZrpB+ZtG/Pdy/POw==
  dependencies:
    regenerator-runtime "^0.13.11"

"@emotion/hash@^0.9.0":
  version "0.9.0"
  resolved "https://registry.yarnpkg.com/@emotion/hash/-/hash-0.9.0.tgz#c5153d50401ee3c027a57a177bc269b16d889cb7"
  integrity sha512-14FtKiHhy2QoPIzdTcvh//8OyBlknNs2nXRwIhG904opCby3l+9Xaf/wuPvICBF0rc1ZCNBd3nKe9cd2mecVkQ==

"@vanilla-extract/css@^1.7.1":
  version "1.11.0"
  resolved "https://registry.yarnpkg.com/@vanilla-extract/css/-/css-1.11.0.tgz#ad285f31e0b0dff0d7a02cab6a2e5c39e5f2ddf3"
  integrity sha512-uohj+8cGWbnrVzTfrjlJeXqdGjH3d3TcscdQxKe3h5bb5QQXTpPSq+c+SeWADIGiZybzcW0CBvZV8jsy1ywY9w==
  dependencies:
    "@emotion/hash" "^0.9.0"
    "@vanilla-extract/private" "^1.0.3"
    ahocorasick "1.0.2"
    chalk "^4.1.1"
    css-what "^5.0.1"
    cssesc "^3.0.0"
    csstype "^3.0.7"
    deep-object-diff "^1.1.9"
    deepmerge "^4.2.2"
    media-query-parser "^2.0.2"
    outdent "^0.8.0"

"@vanilla-extract/dynamic@^2.0.3":
  version "2.0.3"
  resolved "https://registry.yarnpkg.com/@vanilla-extract/dynamic/-/dynamic-2.0.3.tgz#44b4e018cbdfb6af3d27e73c78b38617dfe419ad"
  integrity sha512-Rglfw2gXAYiBzAQ4jgUG7rBgE2c88e/zcG27ZVoIqMHVq56wf2C1katGMm1yFMNBgzqM7oBNYzz4YOMzznydkg==
  dependencies:
    "@vanilla-extract/private" "^1.0.3"

"@vanilla-extract/private@^1.0.3":
  version "1.0.3"
  resolved "https://registry.yarnpkg.com/@vanilla-extract/private/-/private-1.0.3.tgz#7ec72bc2ff6fe51f9d650f962e8d1989b073690f"
  integrity sha512-17kVyLq3ePTKOkveHxXuIJZtGYs+cSoev7BlP+Lf4916qfDhk/HBjvlYDe8egrea7LNPHKwSZJK/bzZC+Q6AwQ==

"@vanilla-extract/recipes@^0.2.5":
  version "0.2.5"
  resolved "https://registry.yarnpkg.com/@vanilla-extract/recipes/-/recipes-0.2.5.tgz#40314b6db7319707303cccfb2c7200d919c313a8"
  integrity sha512-OWXUUiFJdswD3+Xg8f8avuw/vAHZRFS4oHqFeoV1TcO8cfbDQ0zmkreBHvyspoJU+qsyWK48yPHKSptqNRPy9Q==

ahocorasick@1.0.2:
  version "1.0.2"
  resolved "https://registry.yarnpkg.com/ahocorasick/-/ahocorasick-1.0.2.tgz#9eee93aef9d02bfb476d9b648d9b7a40ef2fd500"
  integrity sha512-hCOfMzbFx5IDutmWLAt6MZwOUjIfSM9G9FyVxytmE4Rs/5YDPWQrD/+IR1w+FweD9H2oOZEnv36TmkjhNURBVA==

ansi-styles@^4.1.0:
  version "4.3.0"
  resolved "https://registry.yarnpkg.com/ansi-styles/-/ansi-styles-4.3.0.tgz#edd803628ae71c04c85ae7a0906edad34b648937"
  integrity sha512-zbB9rCJAT1rbjiVDb2hqKFHNYLxgtk8NURxZ3IZwD3F6NtxbXZQCnnSi1Lkx+IDohdPlFp222wVALIheZJQSEg==
  dependencies:
    color-convert "^2.0.1"

chalk@^4.1.1:
  version "4.1.2"
  resolved "https://registry.yarnpkg.com/chalk/-/chalk-4.1.2.tgz#aac4e2b7734a740867aeb16bf02aad556a1e7a01"
  integrity sha512-oKnbhFyRIXpUuez8iBMmyEa4nbj4IOQyuhc/wy9kY7/WVPcwIO9VA668Pu8RkO7+0G76SLROeyw9CpQ061i4mA==
  dependencies:
    ansi-styles "^4.1.0"
    supports-color "^7.1.0"

color-convert@^2.0.1:
  version "2.0.1"
  resolved "https://registry.yarnpkg.com/color-convert/-/color-convert-2.0.1.tgz#72d3a68d598c9bdb3af2ad1e84f21d896abd4de3"
  integrity sha512-RRECPsj7iu/xb5oKYcsFHSppFNnsj/52OVTRKb4zP5onXwVF3zVmmToNcOfGC+CRDpfK/U584fMg38ZHCaElKQ==
  dependencies:
    color-name "~1.1.4"

color-name@~1.1.4:
  version "1.1.4"
  resolved "https://registry.yarnpkg.com/color-name/-/color-name-1.1.4.tgz#c2a09a87acbde69543de6f63fa3995c826c536a2"
  integrity sha512-dOy+3AuW3a2wNbZHIuMZpTcgjGuLU/uBL/ubcZF9OXbDo8ff4O8yVp5Bf0efS8uEoYo5q4Fx7dY9OgQGXgAsQA==

css-what@^5.0.1:
  version "5.1.0"
  resolved "https://registry.yarnpkg.com/css-what/-/css-what-5.1.0.tgz#3f7b707aadf633baf62c2ceb8579b545bb40f7fe"
  integrity sha512-arSMRWIIFY0hV8pIxZMEfmMI47Wj3R/aWpZDDxWYCPEiOMv6tfOrnpDtgxBYPEQD4V0Y/958+1TdC3iWTFcUPw==

cssesc@^3.0.0:
  version "3.0.0"
  resolved "https://registry.yarnpkg.com/cssesc/-/cssesc-3.0.0.tgz#37741919903b868565e1c09ea747445cd18983ee"
  integrity sha512-/Tb/JcjK111nNScGob5MNtsntNM1aCNUDipB/TkwZFhyDrrE47SOx/18wF2bbjgc3ZzCSKW1T5nt5EbFoAz/Vg==

csstype@^3.0.7:
  version "3.1.2"
  resolved "https://registry.yarnpkg.com/csstype/-/csstype-3.1.2.tgz#1d4bf9d572f11c14031f0436e1c10bc1f571f50b"
  integrity sha512-I7K1Uu0MBPzaFKg4nI5Q7Vs2t+3gWWW648spaF+Rg7pI9ds18Ugn+lvg4SHczUdKlHI5LWBXyqfS8+DufyBsgQ==

deep-object-diff@^1.1.9:
  version "1.1.9"
  resolved "https://registry.yarnpkg.com/deep-object-diff/-/deep-object-diff-1.1.9.tgz#6df7ef035ad6a0caa44479c536ed7b02570f4595"
  integrity sha512-Rn+RuwkmkDwCi2/oXOFS9Gsr5lJZu/yTGpK7wAaAIE75CC+LCGEZHpY6VQJa/RoJcrmaA/docWJZvYohlNkWPA==

deepmerge@^4.2.2:
  version "4.3.1"
  resolved "https://registry.yarnpkg.com/deepmerge/-/deepmerge-4.3.1.tgz#44b5f2147cd3b00d4b56137685966f26fd25dd4a"
  integrity sha512-3sUqbMEc77XqpdNO7FRyRog+eW3ph+GYCbj+rK+uYyRMuwsVy0rMiVtPn+QJlKFvWP/1PYpapqYn0Me2knFn+A==

has-flag@^4.0.0:
  version "4.0.0"
  resolved "https://registry.yarnpkg.com/has-flag/-/has-flag-4.0.0.tgz#944771fd9c81c81265c4d6941860da06bb59479b"
  integrity sha512-EykJT/Q1KjTWctppgIAgfSO0tKVuZUjhgMr17kqTumMl6Afv3EISleU7qZUzoXDFTAHTDC4NOoG/ZxU3EvlMPQ==

media-query-parser@^2.0.2:
  version "2.0.2"
  resolved "https://registry.yarnpkg.com/media-query-parser/-/media-query-parser-2.0.2.tgz#ff79e56cee92615a304a1c2fa4f2bd056c0a1d29"
  integrity sha512-1N4qp+jE0pL5Xv4uEcwVUhIkwdUO3S/9gML90nqKA7v7FcOS5vUtatfzok9S9U1EJU8dHWlcv95WLnKmmxZI9w==
  dependencies:
    "@babel/runtime" "^7.12.5"

outdent@^0.8.0:
  version "0.8.0"
  resolved "https://registry.yarnpkg.com/outdent/-/outdent-0.8.0.tgz#2ebc3e77bf49912543f1008100ff8e7f44428eb0"
  integrity sha512-KiOAIsdpUTcAXuykya5fnVVT+/5uS0Q1mrkRHcF89tpieSmY33O/tmc54CqwA+bfhbtEfZUNLHaPUiB9X3jt1A==

regenerator-runtime@^0.13.11:
  version "0.13.11"
  resolved "https://registry.yarnpkg.com/regenerator-runtime/-/regenerator-runtime-0.13.11.tgz#f6dca3e7ceec20590d07ada785636a90cdca17f9"
  integrity sha512-kY1AZVr2Ra+t+piVaJ4gxaFaReZVH40AKNo7UCX6W+dEwBo/2oZJzqfuN1qLq1oL45o56cPaTXELwrTh8Fpggg==

supports-color@^7.1.0:
  version "7.2.0"
  resolved "https://registry.yarnpkg.com/supports-color/-/supports-color-7.2.0.tgz#1b7dcdcb32b8138801b3e478ba6a51caa89648da"
  integrity sha512-qpCAvRl9stuOHveKsn7HncJRvv501qIacKzQlO/+Lwxc9+0q2wLyv4Dfvt80/DPn2pqOBsJdDiogXGR9+OvwRw==
  dependencies:
    has-flag "^4.0.0"
