# THIS IS AN AUTOGENERATED FILE. DO NOT EDIT THIS FILE DIRECTLY.
# yarn lockfile v1


"@vanilla-extract/recipes@^0.2.5":
  version "0.2.5"
  resolved "https://registry.yarnpkg.com/@vanilla-extract/recipes/-/recipes-0.2.5.tgz#40314b6db7319707303cccfb2c7200d919c313a8"
  integrity sha512-OWXUUiFJdswD3+Xg8f8avuw/vAHZRFS4oHqFeoV1TcO8cfbDQ0zmkreBHvyspoJU+qsyWK48yPHKSptqNRPy9Q==

solid-js@^1.4.3:
  version "1.4.3"
  resolved "https://registry.yarnpkg.com/solid-js/-/solid-js-1.4.3.tgz#9805f894a832bced72f6fe1eb011973d15ce72f4"
  integrity sha512-3uh2cbT4ICronIasLAxycF6SVgvqcfwFCDCzlEA9CEahn1qQg8Rw8aRGiI4O51PrHcN5aPRO9knYYRCs0PgzcQ==
